# This file is autogenerated, do not edit; changes may be undone by the next 'dep ensure'.


[[projects]]
  branch = "master"
  name = "github.com/Bowery/prompt"
  packages = ["."]
  revision = "eb8f7a6a197ce971ed0e9d4a739c628381d5f124"

[[projects]]
  name = "github.com/Masterminds/semver"
  packages = ["."]
  revision = "59c29afe1a994eacb71c833025ca7acf874bb1da"
  version = "v1.2.2"

[[projects]]
  branch = "master"
  name = "github.com/Masterminds/sprig"
  packages = ["."]
  revision = "e039e20e500c2c025d9145be375e27cf42a94174"

[[projects]]
  name = "github.com/aokoli/goutils"
  packages = ["."]
  revision = "3391d3790d23d03408670993e957e8f408993c34"
  version = "v1.0.1"

[[projects]]
  name = "github.com/davecgh/go-spew"
  packages = ["spew"]
  revision = "04cdfd42973bb9c8589fd6a731800cf222fde1a9"

[[projects]]
  branch = "master"
  name = "github.com/huandu/xstrings"
  packages = ["."]
  revision = "3959339b333561bf62a38b424fd41517c2c90f40"

[[projects]]
  name = "github.com/imdario/mergo"
  packages = ["."]
  revision = "3e95a51e0639b4cf372f2ccf74c86749d747fbdc"
  version = "0.2.2"

[[projects]]
  name = "github.com/labstack/gommon"
  packages = ["color"]
  revision = "779b8a8b9850a97acba6a3fe20feb628c39e17c1"
  version = "0.2.2"

[[projects]]
  branch = "master"
  name = "github.com/mattn/go-colorable"
  packages = ["."]
  revision = "6df6d4d004b64986bbb0d1b25945f42b44787e90"

[[projects]]
  name = "github.com/mattn/go-isatty"
  packages = ["."]
  revision = "fc9e8d8ef48496124e79ae0df75490096eccf6fe"
  version = "v0.0.2"

[[projects]]
  branch = "master"
  name = "github.com/mkideal/cli"
  packages = ["."]
  revision = "a9c1104566927924fdb041d198f05617492913f9"

[[projects]]
  branch = "master"
  name = "github.com/mkideal/pkg"
  packages = ["debug","expr"]
  revision = "3e188c9e7ecc83d0fe7040a9161ce3c67885470d"

[[projects]]
  name = "github.com/pmezard/go-difflib"
  packages = ["difflib"]
  revision = "d8ed2627bdf02c080bf22230dbb337003b7aba2d"

[[projects]]
  name = "github.com/satori/go.uuid"
  packages = ["."]
  revision = "879c5887cd475cd7864858769793b2ceb0d44feb"
  version = "v1.1.0"

[[projects]]
  branch = "master"
  name = "github.com/stretchr/testify"
  packages = ["assert"]
  revision = "890a5c3458b43e6104ff5da8dfa139d013d77544"

[[projects]]
  branch = "master"
  name = "golang.org/x/crypto"
  packages = ["pbkdf2","scrypt"]
  revision = "b176d7def5d71bdd214203491f89843ed217f420"

[[projects]]
  branch = "master"
  name = "golang.org/x/sys"
  packages = ["unix"]
  revision = "e42485b6e20ae7d2304ec72e535b103ed350cc02"

[[projects]]
  branch = "master"
  name = "golang.org/x/tools"
  packages = ["go/ast/astutil","imports"]
  revision = "5831d16d18029819d39f99bdc2060b8eff410b6b"

[solve-meta]
  analyzer-name = "dep"
  analyzer-version = 1
  inputs-digest = "54af300f716a9574238b75a7e9d81d3b831245759ac7ea52b6347aceacb8dad8"
  solver-name = "gps-cdcl"
  solver-version = 1
